
Microsoft Visual Studio Solution File, Format Version 12.00
# Visual Studio Version 16
VisualStudioVersion = 16.0.29911.84
MinimumVisualStudioVersion = 10.0.40219.1
Project("{FAE04EC0-301F-11D3-BF4B-00C04F79EFBC}") = "Projekt_1", "Projekt_1\Projekt_1.csproj", "{E94ECA0B-547A-4A05-88CA-373474CF34CC}"
EndProject
Global
	GlobalSection(SolutionConfigurationPlatforms) = preSolution
		Debug|Any CPU = Debug|Any CPU
		Release|Any CPU = Release|Any CPU
	EndGlobalSection
	GlobalSection(ProjectConfigurationPlatforms) = postSolution
		{E94ECA0B-547A-4A05-88CA-373474CF34CC}.Debug|Any CPU.ActiveCfg = Debug|Any CPU
		{E94ECA0B-547A-4A05-88CA-373474CF34CC}.Debug|Any CPU.Build.0 = Debug|Any CPU
		{E94ECA0B-547A-4A05-88CA-373474CF34CC}.Release|Any CPU.ActiveCfg = Release|Any CPU
		{E94ECA0B-547A-4A05-88CA-373474CF34CC}.Release|Any CPU.Build.0 = Release|Any CPU
	EndGlobalSection
	GlobalSection(SolutionProperties) = preSolution
		HideSolutionNode = FALSE
	EndGlobalSection
	GlobalSection(ExtensibilityGlobals) = postSolution
		SolutionGuid = {88E91FC2-B613-4069-8C8E-89A4CB1CE59A}
	EndGlobalSection
EndGlobal
